// !$*UTF8*$!
{
	archiveVersion = 1;
	classes = {
	};
	objectVersion = 77;
	objects = {

/* Begin PBXBuildFile section */
		C7BF12E02D11EB0800479B27 /* Kingfisher in Frameworks */ = {isa = PBXBuildFile; productRef = C7BF12DF2D11EB0800479B27 /* Kingfisher */; };
		C7BF12E32D11EB9600479B27 /* Factory in Frameworks */ = {isa = PBXBuildFile; productRef = C7BF12E22D11EB9600479B27 /* Factory */; };
		C7BF13522D155F1E00479B27 /* Preview Assets.xcassets in Resources */ = {isa = PBXBuildFile; fileRef = C7BF134C2D155F1E00479B27 /* Preview Assets.xcassets */; };
		C7BF13532D155F1E00479B27 /* Assets.xcassets in Resources */ = {isa = PBXBuildFile; fileRef = C7BF134E2D155F1E00479B27 /* Assets.xcassets */; };
		C7BF13542D155F1E00479B27 /* ApiService.swift in Sources */ = {isa = PBXBuildFile; fileRef = C7BF133A2D155F1E00479B27 /* ApiService.swift */; };
		C7BF13552D155F1E00479B27 /* CatsRemoteDataSource.swift in Sources */ = {isa = PBXBuildFile; fileRef = C7BF133C2D155F1E00479B27 /* CatsRemoteDataSource.swift */; };
		C7BF13562D155F1E00479B27 /* BreedModel.swift in Sources */ = {isa = PBXBuildFile; fileRef = C7BF133F2D155F1E00479B27 /* BreedModel.swift */; };
		C7BF13572D155F1E00479B27 /* CategoryModel.swift in Sources */ = {isa = PBXBuildFile; fileRef = C7BF13402D155F1E00479B27 /* CategoryModel.swift */; };
		C7BF13582D155F1E00479B27 /* PetImageModel.swift in Sources */ = {isa = PBXBuildFile; fileRef = C7BF13412D155F1E00479B27 /* PetImageModel.swift */; };
		C7BF13592D155F1E00479B27 /* CatsRepositoryImp.swift in Sources */ = {isa = PBXBuildFile; fileRef = C7BF13432D155F1E00479B27 /* CatsRepositoryImp.swift */; };
		C7BF135A2D155F1E00479B27 /* CatsRepository.swift in Sources */ = {isa = PBXBuildFile; fileRef = C7BF13462D155F1E00479B27 /* CatsRepository.swift */; };
		C7BF135B2D155F1E00479B27 /* FetchCatImagesUseCase.swift in Sources */ = {isa = PBXBuildFile; fileRef = C7BF13482D155F1E00479B27 /* FetchCatImagesUseCase.swift */; };
		C7BF135C2D155F1E00479B27 /* Injector.swift in Sources */ = {isa = PBXBuildFile; fileRef = C7BF134A2D155F1E00479B27 /* Injector.swift */; };
		C7BF135D2D155F1E00479B27 /* ContentView.swift in Sources */ = {isa = PBXBuildFile; fileRef = C7BF134F2D155F1E00479B27 /* ContentView.swift */; };
		C7BF135E2D155F1E00479B27 /* Find_Your_PetApp.swift in Sources */ = {isa = PBXBuildFile; fileRef = C7BF13502D155F1E00479B27 /* Find_Your_PetApp.swift */; };
		C7BF13602D15A03400479B27 /* DogsRemoteDataSource.swift in Sources */ = {isa = PBXBuildFile; fileRef = C7BF135F2D15A03400479B27 /* DogsRemoteDataSource.swift */; };
		C7BF13622D15A1A100479B27 /* DogsRepository.swift in Sources */ = {isa = PBXBuildFile; fileRef = C7BF13612D15A1A100479B27 /* DogsRepository.swift */; };
		C7BF13642D15A26600479B27 /* DogsRepositoryImp.swift in Sources */ = {isa = PBXBuildFile; fileRef = C7BF13632D15A26600479B27 /* DogsRepositoryImp.swift */; };
		C7BF13672D15A2AA00479B27 /* PetImageMapper.swift in Sources */ = {isa = PBXBuildFile; fileRef = C7BF13662D15A2AA00479B27 /* PetImageMapper.swift */; };
		C7BF13692D15A2BC00479B27 /* BreedMapper.swift in Sources */ = {isa = PBXBuildFile; fileRef = C7BF13682D15A2BC00479B27 /* BreedMapper.swift */; };
		C7BF136B2D15A2F600479B27 /* PetImageEntity.swift in Sources */ = {isa = PBXBuildFile; fileRef = C7BF136A2D15A2F600479B27 /* PetImageEntity.swift */; };
		C7BF136F2D15A9D300479B27 /* FetchSingleCatImageUseCase.swift in Sources */ = {isa = PBXBuildFile; fileRef = C7BF136E2D15A9D300479B27 /* FetchSingleCatImageUseCase.swift */; };
		C7BF13712D15A9EB00479B27 /* FetchDogImagesUseCase.swift in Sources */ = {isa = PBXBuildFile; fileRef = C7BF13702D15A9EB00479B27 /* FetchDogImagesUseCase.swift */; };
		C7BF13732D15A9FB00479B27 /* FetchSingleDogImageUseCase.swift in Sources */ = {isa = PBXBuildFile; fileRef = C7BF13722D15A9FB00479B27 /* FetchSingleDogImageUseCase.swift */; };
		C7BF13752D15AB1200479B27 /* BreedEntity.swift in Sources */ = {isa = PBXBuildFile; fileRef = C7BF13742D15AB1200479B27 /* BreedEntity.swift */; };
		C7BF13772D15AB3300479B27 /* CategoryEntity.swift in Sources */ = {isa = PBXBuildFile; fileRef = C7BF13762D15AB3300479B27 /* CategoryEntity.swift */; };
		C7BF13792D15AC2500479B27 /* CategoryMapper.swift in Sources */ = {isa = PBXBuildFile; fileRef = C7BF13782D15AC2500479B27 /* CategoryMapper.swift */; };
		C7BF13802D15AFC300479B27 /* DogViewModel.swift in Sources */ = {isa = PBXBuildFile; fileRef = C7BF137E2D15AFC300479B27 /* DogViewModel.swift */; };
		C7BF13822D15AFCA00479B27 /* CatViewModel.swift in Sources */ = {isa = PBXBuildFile; fileRef = C7BF13812D15AFCA00479B27 /* CatViewModel.swift */; };
		C7BF13872D15B01E00479B27 /* MenuTabView.swift in Sources */ = {isa = PBXBuildFile; fileRef = C7BF13862D15B01E00479B27 /* MenuTabView.swift */; };
		C7BF13892D15B0ED00479B27 /* SearchablePhotoGrid.swift in Sources */ = {isa = PBXBuildFile; fileRef = C7BF13882D15B0ED00479B27 /* SearchablePhotoGrid.swift */; };
		C7BF138B2D15E24E00479B27 /* BaseViewModel.swift in Sources */ = {isa = PBXBuildFile; fileRef = C7BF138A2D15E24E00479B27 /* BaseViewModel.swift */; };
		C7BF138D2D15E2E800479B27 /* FullScreenImagePreview.swift in Sources */ = {isa = PBXBuildFile; fileRef = C7BF138C2D15E2E800479B27 /* FullScreenImagePreview.swift */; };
		C7BF138F2D15E9FB00479B27 /* CatView.swift in Sources */ = {isa = PBXBuildFile; fileRef = C7BF138E2D15E9FB00479B27 /* CatView.swift */; };
		C7BF13912D15EA0800479B27 /* DogView.swift in Sources */ = {isa = PBXBuildFile; fileRef = C7BF13902D15EA0800479B27 /* DogView.swift */; };
		C7BF13932D15F74200479B27 /* View+Extenstions.swift in Sources */ = {isa = PBXBuildFile; fileRef = C7BF13922D15F74200479B27 /* View+Extenstions.swift */; };
/* End PBXBuildFile section */

/* Begin PBXContainerItemProxy section */
		C7BF12C22D11E79200479B27 /* PBXContainerItemProxy */ = {
			isa = PBXContainerItemProxy;
			containerPortal = C7BF12A92D11E79000479B27 /* Project object */;
			proxyType = 1;
			remoteGlobalIDString = C7BF12B02D11E79000479B27;
			remoteInfo = "Find Your Pet";
		};
		C7BF12CC2D11E79200479B27 /* PBXContainerItemProxy */ = {
			isa = PBXContainerItemProxy;
			containerPortal = C7BF12A92D11E79000479B27 /* Project object */;
			proxyType = 1;
			remoteGlobalIDString = C7BF12B02D11E79000479B27;
			remoteInfo = "Find Your Pet";
		};
/* End PBXContainerItemProxy section */

/* Begin PBXFileReference section */
		C7BF12B12D11E79000479B27 /* Find Your Pet.app */ = {isa = PBXFileReference; explicitFileType = wrapper.application; includeInIndex = 0; path = "Find Your Pet.app"; sourceTree = BUILT_PRODUCTS_DIR; };
		C7BF12C12D11E79200479B27 /* Find Your PetTests.xctest */ = {isa = PBXFileReference; explicitFileType = wrapper.cfbundle; includeInIndex = 0; path = "Find Your PetTests.xctest"; sourceTree = BUILT_PRODUCTS_DIR; };
		C7BF12CB2D11E79200479B27 /* Find Your PetUITests.xctest */ = {isa = PBXFileReference; explicitFileType = wrapper.cfbundle; includeInIndex = 0; path = "Find Your PetUITests.xctest"; sourceTree = BUILT_PRODUCTS_DIR; };
		C7BF133A2D155F1E00479B27 /* ApiService.swift */ = {isa = PBXFileReference; lastKnownFileType = sourcecode.swift; path = ApiService.swift; sourceTree = "<group>"; };
		C7BF133C2D155F1E00479B27 /* CatsRemoteDataSource.swift */ = {isa = PBXFileReference; lastKnownFileType = sourcecode.swift; path = CatsRemoteDataSource.swift; sourceTree = "<group>"; };
		C7BF133F2D155F1E00479B27 /* BreedModel.swift */ = {isa = PBXFileReference; lastKnownFileType = sourcecode.swift; path = BreedModel.swift; sourceTree = "<group>"; };
		C7BF13402D155F1E00479B27 /* CategoryModel.swift */ = {isa = PBXFileReference; lastKnownFileType = sourcecode.swift; path = CategoryModel.swift; sourceTree = "<group>"; };
		C7BF13412D155F1E00479B27 /* PetImageModel.swift */ = {isa = PBXFileReference; lastKnownFileType = sourcecode.swift; path = PetImageModel.swift; sourceTree = "<group>"; };
		C7BF13432D155F1E00479B27 /* CatsRepositoryImp.swift */ = {isa = PBXFileReference; lastKnownFileType = sourcecode.swift; path = CatsRepositoryImp.swift; sourceTree = "<group>"; };
		C7BF13462D155F1E00479B27 /* CatsRepository.swift */ = {isa = PBXFileReference; lastKnownFileType = sourcecode.swift; path = CatsRepository.swift; sourceTree = "<group>"; };
		C7BF13482D155F1E00479B27 /* FetchCatImagesUseCase.swift */ = {isa = PBXFileReference; lastKnownFileType = sourcecode.swift; path = FetchCatImagesUseCase.swift; sourceTree = "<group>"; };
		C7BF134A2D155F1E00479B27 /* Injector.swift */ = {isa = PBXFileReference; lastKnownFileType = sourcecode.swift; path = Injector.swift; sourceTree = "<group>"; };
		C7BF134C2D155F1E00479B27 /* Preview Assets.xcassets */ = {isa = PBXFileReference; lastKnownFileType = folder.assetcatalog; path = "Preview Assets.xcassets"; sourceTree = "<group>"; };
		C7BF134E2D155F1E00479B27 /* Assets.xcassets */ = {isa = PBXFileReference; lastKnownFileType = folder.assetcatalog; path = Assets.xcassets; sourceTree = "<group>"; };
		C7BF134F2D155F1E00479B27 /* ContentView.swift */ = {isa = PBXFileReference; lastKnownFileType = sourcecode.swift; path = ContentView.swift; sourceTree = "<group>"; };
		C7BF13502D155F1E00479B27 /* Find_Your_PetApp.swift */ = {isa = PBXFileReference; lastKnownFileType = sourcecode.swift; path = Find_Your_PetApp.swift; sourceTree = "<group>"; };
		C7BF135F2D15A03400479B27 /* DogsRemoteDataSource.swift */ = {isa = PBXFileReference; lastKnownFileType = sourcecode.swift; path = DogsRemoteDataSource.swift; sourceTree = "<group>"; };
		C7BF13612D15A1A100479B27 /* DogsRepository.swift */ = {isa = PBXFileReference; lastKnownFileType = sourcecode.swift; path = DogsRepository.swift; sourceTree = "<group>"; };
		C7BF13632D15A26600479B27 /* DogsRepositoryImp.swift */ = {isa = PBXFileReference; lastKnownFileType = sourcecode.swift; path = DogsRepositoryImp.swift; sourceTree = "<group>"; };
		C7BF13662D15A2AA00479B27 /* PetImageMapper.swift */ = {isa = PBXFileReference; lastKnownFileType = sourcecode.swift; path = PetImageMapper.swift; sourceTree = "<group>"; };
		C7BF13682D15A2BC00479B27 /* BreedMapper.swift */ = {isa = PBXFileReference; lastKnownFileType = sourcecode.swift; path = BreedMapper.swift; sourceTree = "<group>"; };
		C7BF136A2D15A2F600479B27 /* PetImageEntity.swift */ = {isa = PBXFileReference; lastKnownFileType = sourcecode.swift; path = PetImageEntity.swift; sourceTree = "<group>"; };
		C7BF136E2D15A9D300479B27 /* FetchSingleCatImageUseCase.swift */ = {isa = PBXFileReference; lastKnownFileType = sourcecode.swift; path = FetchSingleCatImageUseCase.swift; sourceTree = "<group>"; };
		C7BF13702D15A9EB00479B27 /* FetchDogImagesUseCase.swift */ = {isa = PBXFileReference; lastKnownFileType = sourcecode.swift; path = FetchDogImagesUseCase.swift; sourceTree = "<group>"; };
		C7BF13722D15A9FB00479B27 /* FetchSingleDogImageUseCase.swift */ = {isa = PBXFileReference; lastKnownFileType = sourcecode.swift; path = FetchSingleDogImageUseCase.swift; sourceTree = "<group>"; };
		C7BF13742D15AB1200479B27 /* BreedEntity.swift */ = {isa = PBXFileReference; lastKnownFileType = sourcecode.swift; path = BreedEntity.swift; sourceTree = "<group>"; };
		C7BF13762D15AB3300479B27 /* CategoryEntity.swift */ = {isa = PBXFileReference; lastKnownFileType = sourcecode.swift; path = CategoryEntity.swift; sourceTree = "<group>"; };
		C7BF13782D15AC2500479B27 /* CategoryMapper.swift */ = {isa = PBXFileReference; lastKnownFileType = sourcecode.swift; path = CategoryMapper.swift; sourceTree = "<group>"; };
		C7BF137E2D15AFC300479B27 /* DogViewModel.swift */ = {isa = PBXFileReference; lastKnownFileType = sourcecode.swift; path = DogViewModel.swift; sourceTree = "<group>"; };
		C7BF13812D15AFCA00479B27 /* CatViewModel.swift */ = {isa = PBXFileReference; lastKnownFileType = sourcecode.swift; path = CatViewModel.swift; sourceTree = "<group>"; };
		C7BF13862D15B01E00479B27 /* MenuTabView.swift */ = {isa = PBXFileReference; lastKnownFileType = sourcecode.swift; path = MenuTabView.swift; sourceTree = "<group>"; };
		C7BF13882D15B0ED00479B27 /* SearchablePhotoGrid.swift */ = {isa = PBXFileReference; lastKnownFileType = sourcecode.swift; path = SearchablePhotoGrid.swift; sourceTree = "<group>"; };
		C7BF138A2D15E24E00479B27 /* BaseViewModel.swift */ = {isa = PBXFileReference; lastKnownFileType = sourcecode.swift; path = BaseViewModel.swift; sourceTree = "<group>"; };
		C7BF138C2D15E2E800479B27 /* FullScreenImagePreview.swift */ = {isa = PBXFileReference; lastKnownFileType = sourcecode.swift; path = FullScreenImagePreview.swift; sourceTree = "<group>"; };
		C7BF138E2D15E9FB00479B27 /* CatView.swift */ = {isa = PBXFileReference; lastKnownFileType = sourcecode.swift; path = CatView.swift; sourceTree = "<group>"; };
		C7BF13902D15EA0800479B27 /* DogView.swift */ = {isa = PBXFileReference; lastKnownFileType = sourcecode.swift; path = DogView.swift; sourceTree = "<group>"; };
		C7BF13922D15F74200479B27 /* View+Extenstions.swift */ = {isa = PBXFileReference; lastKnownFileType = sourcecode.swift; path = "View+Extenstions.swift"; sourceTree = "<group>"; };
/* End PBXFileReference section */

/* Begin PBXFileSystemSynchronizedRootGroup section */
		C7BF12C42D11E79200479B27 /* Find Your PetTests */ = {
			isa = PBXFileSystemSynchronizedRootGroup;
			path = "Find Your PetTests";
			sourceTree = "<group>";
		};
		C7BF12CE2D11E79200479B27 /* Find Your PetUITests */ = {
			isa = PBXFileSystemSynchronizedRootGroup;
			path = "Find Your PetUITests";
			sourceTree = "<group>";
		};
/* End PBXFileSystemSynchronizedRootGroup section */

/* Begin PBXFrameworksBuildPhase section */
		C7BF12AE2D11E79000479B27 /* Frameworks */ = {
			isa = PBXFrameworksBuildPhase;
			buildActionMask = 2147483647;
			files = (
				C7BF12E02D11EB0800479B27 /* Kingfisher in Frameworks */,
				C7BF12E32D11EB9600479B27 /* Factory in Frameworks */,
			);
			runOnlyForDeploymentPostprocessing = 0;
		};
		C7BF12BE2D11E79200479B27 /* Frameworks */ = {
			isa = PBXFrameworksBuildPhase;
			buildActionMask = 2147483647;
			files = (
			);
			runOnlyForDeploymentPostprocessing = 0;
		};
		C7BF12C82D11E79200479B27 /* Frameworks */ = {
			isa = PBXFrameworksBuildPhase;
			buildActionMask = 2147483647;
			files = (
			);
			runOnlyForDeploymentPostprocessing = 0;
		};
/* End PBXFrameworksBuildPhase section */

/* Begin PBXGroup section */
		C7BF12A82D11E79000479B27 = {
			isa = PBXGroup;
			children = (
				C7BF13512D155F1E00479B27 /* Find Your Pet */,
				C7BF12C42D11E79200479B27 /* Find Your PetTests */,
				C7BF12CE2D11E79200479B27 /* Find Your PetUITests */,
				C7BF12B22D11E79000479B27 /* Products */,
			);
			sourceTree = "<group>";
		};
		C7BF12B22D11E79000479B27 /* Products */ = {
			isa = PBXGroup;
			children = (
				C7BF12B12D11E79000479B27 /* Find Your Pet.app */,
				C7BF12C12D11E79200479B27 /* Find Your PetTests.xctest */,
				C7BF12CB2D11E79200479B27 /* Find Your PetUITests.xctest */,
			);
			name = Products;
			sourceTree = "<group>";
		};
		C7BF133B2D155F1E00479B27 /* ApiService */ = {
			isa = PBXGroup;
			children = (
				C7BF133A2D155F1E00479B27 /* ApiService.swift */,
			);
			path = ApiService;
			sourceTree = "<group>";
		};
		C7BF133D2D155F1E00479B27 /* Remote */ = {
			isa = PBXGroup;
			children = (
				C7BF135F2D15A03400479B27 /* DogsRemoteDataSource.swift */,
				C7BF133C2D155F1E00479B27 /* CatsRemoteDataSource.swift */,
				C7BF133B2D155F1E00479B27 /* ApiService */,
			);
			path = Remote;
			sourceTree = "<group>";
		};
		C7BF133E2D155F1E00479B27 /* DataSources */ = {
			isa = PBXGroup;
			children = (
				C7BF133D2D155F1E00479B27 /* Remote */,
			);
			path = DataSources;
			sourceTree = "<group>";
		};
		C7BF13422D155F1E00479B27 /* Models */ = {
			isa = PBXGroup;
			children = (
				C7BF133F2D155F1E00479B27 /* BreedModel.swift */,
				C7BF13402D155F1E00479B27 /* CategoryModel.swift */,
				C7BF13412D155F1E00479B27 /* PetImageModel.swift */,
			);
			path = Models;
			sourceTree = "<group>";
		};
		C7BF13442D155F1E00479B27 /* Repositories */ = {
			isa = PBXGroup;
			children = (
				C7BF13432D155F1E00479B27 /* CatsRepositoryImp.swift */,
				C7BF13632D15A26600479B27 /* DogsRepositoryImp.swift */,
			);
			path = Repositories;
			sourceTree = "<group>";
		};
		C7BF13452D155F1E00479B27 /* Data */ = {
			isa = PBXGroup;
			children = (
				C7BF13652D15A28900479B27 /* Mappers */,
				C7BF13422D155F1E00479B27 /* Models */,
				C7BF13442D155F1E00479B27 /* Repositories */,
				C7BF133E2D155F1E00479B27 /* DataSources */,
			);
			path = Data;
			sourceTree = "<group>";
		};
		C7BF13472D155F1E00479B27 /* Repositories */ = {
			isa = PBXGroup;
			children = (
				C7BF13462D155F1E00479B27 /* CatsRepository.swift */,
				C7BF13612D15A1A100479B27 /* DogsRepository.swift */,
			);
			path = Repositories;
			sourceTree = "<group>";
		};
		C7BF13492D155F1E00479B27 /* Domain */ = {
			isa = PBXGroup;
			children = (
				C7BF136D2D15A30D00479B27 /* UseCases */,
				C7BF13472D155F1E00479B27 /* Repositories */,
				C7BF136C2D15A30000479B27 /* Entities */,
			);
			path = Domain;
			sourceTree = "<group>";
		};
		C7BF134B2D155F1E00479B27 /* Injection */ = {
			isa = PBXGroup;
			children = (
				C7BF134A2D155F1E00479B27 /* Injector.swift */,
			);
			path = Injection;
			sourceTree = "<group>";
		};
		C7BF134D2D155F1E00479B27 /* Preview Content */ = {
			isa = PBXGroup;
			children = (
				C7BF134C2D155F1E00479B27 /* Preview Assets.xcassets */,
			);
			path = "Preview Content";
			sourceTree = "<group>";
		};
		C7BF13512D155F1E00479B27 /* Find Your Pet */ = {
			isa = PBXGroup;
			children = (
				C7BF134B2D155F1E00479B27 /* Injection */,
				C7BF13452D155F1E00479B27 /* Data */,
				C7BF13492D155F1E00479B27 /* Domain */,
				C7BF137C2D15AFAC00479B27 /* Presentation */,
				C7BF13922D15F74200479B27 /* View+Extenstions.swift */,
				C7BF134D2D155F1E00479B27 /* Preview Content */,
				C7BF134E2D155F1E00479B27 /* Assets.xcassets */,
				C7BF134F2D155F1E00479B27 /* ContentView.swift */,
				C7BF13502D155F1E00479B27 /* Find_Your_PetApp.swift */,
			);
			path = "Find Your Pet";
			sourceTree = "<group>";
		};
		C7BF13652D15A28900479B27 /* Mappers */ = {
			isa = PBXGroup;
			children = (
				C7BF13662D15A2AA00479B27 /* PetImageMapper.swift */,
				C7BF13682D15A2BC00479B27 /* BreedMapper.swift */,
				C7BF13782D15AC2500479B27 /* CategoryMapper.swift */,
			);
			path = Mappers;
			sourceTree = "<group>";
		};
		C7BF136C2D15A30000479B27 /* Entities */ = {
			isa = PBXGroup;
			children = (
				C7BF136A2D15A2F600479B27 /* PetImageEntity.swift */,
				C7BF13742D15AB1200479B27 /* BreedEntity.swift */,
				C7BF13762D15AB3300479B27 /* CategoryEntity.swift */,
			);
			path = Entities;
			sourceTree = "<group>";
		};
		C7BF136D2D15A30D00479B27 /* UseCases */ = {
			isa = PBXGroup;
			children = (
				C7BF13482D155F1E00479B27 /* FetchCatImagesUseCase.swift */,
				C7BF136E2D15A9D300479B27 /* FetchSingleCatImageUseCase.swift */,
				C7BF13702D15A9EB00479B27 /* FetchDogImagesUseCase.swift */,
				C7BF13722D15A9FB00479B27 /* FetchSingleDogImageUseCase.swift */,
			);
			path = UseCases;
			sourceTree = "<group>";
		};
		C7BF137C2D15AFAC00479B27 /* Presentation */ = {
			isa = PBXGroup;
			children = (
				C7BF138A2D15E24E00479B27 /* BaseViewModel.swift */,
				C7BF13862D15B01E00479B27 /* MenuTabView.swift */,
				C7BF13882D15B0ED00479B27 /* SearchablePhotoGrid.swift */,
				C7BF138C2D15E2E800479B27 /* FullScreenImagePreview.swift */,
				C7BF137F2D15AFC300479B27 /* DogsView */,
				C7BF13832D15AFCF00479B27 /* CatsView */,
			);
			path = Presentation;
			sourceTree = "<group>";
		};
		C7BF137F2D15AFC300479B27 /* DogsView */ = {
			isa = PBXGroup;
			children = (
				C7BF137E2D15AFC300479B27 /* DogViewModel.swift */,
				C7BF13902D15EA0800479B27 /* DogView.swift */,
			);
			path = DogsView;
			sourceTree = "<group>";
		};
		C7BF13832D15AFCF00479B27 /* CatsView */ = {
			isa = PBXGroup;
			children = (
				C7BF13812D15AFCA00479B27 /* CatViewModel.swift */,
				C7BF138E2D15E9FB00479B27 /* CatView.swift */,
			);
			path = CatsView;
			sourceTree = "<group>";
		};
/* End PBXGroup section */

/* Begin PBXNativeTarget section */
		C7BF12B02D11E79000479B27 /* Find Your Pet */ = {
			isa = PBXNativeTarget;
			buildConfigurationList = C7BF12D52D11E79200479B27 /* Build configuration list for PBXNativeTarget "Find Your Pet" */;
			buildPhases = (
				C7BF12AD2D11E79000479B27 /* Sources */,
				C7BF12AE2D11E79000479B27 /* Frameworks */,
				C7BF12AF2D11E79000479B27 /* Resources */,
			);
			buildRules = (
			);
			dependencies = (
			);
			name = "Find Your Pet";
			packageProductDependencies = (
				C7BF12DF2D11EB0800479B27 /* Kingfisher */,
				C7BF12E22D11EB9600479B27 /* Factory */,
			);
			productName = "Find Your Pet";
			productReference = C7BF12B12D11E79000479B27 /* Find Your Pet.app */;
			productType = "com.apple.product-type.application";
		};
		C7BF12C02D11E79200479B27 /* Find Your PetTests */ = {
			isa = PBXNativeTarget;
			buildConfigurationList = C7BF12D82D11E79200479B27 /* Build configuration list for PBXNativeTarget "Find Your PetTests" */;
			buildPhases = (
				C7BF12BD2D11E79200479B27 /* Sources */,
				C7BF12BE2D11E79200479B27 /* Frameworks */,
				C7BF12BF2D11E79200479B27 /* Resources */,
			);
			buildRules = (
			);
			dependencies = (
				C7BF12C32D11E79200479B27 /* PBXTargetDependency */,
			);
			fileSystemSynchronizedGroups = (
				C7BF12C42D11E79200479B27 /* Find Your PetTests */,
			);
			name = "Find Your PetTests";
			packageProductDependencies = (
			);
			productName = "Find Your PetTests";
			productReference = C7BF12C12D11E79200479B27 /* Find Your PetTests.xctest */;
			productType = "com.apple.product-type.bundle.unit-test";
		};
		C7BF12CA2D11E79200479B27 /* Find Your PetUITests */ = {
			isa = PBXNativeTarget;
			buildConfigurationList = C7BF12DB2D11E79200479B27 /* Build configuration list for PBXNativeTarget "Find Your PetUITests" */;
			buildPhases = (
				C7BF12C72D11E79200479B27 /* Sources */,
				C7BF12C82D11E79200479B27 /* Frameworks */,
				C7BF12C92D11E79200479B27 /* Resources */,
			);
			buildRules = (
			);
			dependencies = (
				C7BF12CD2D11E79200479B27 /* PBXTargetDependency */,
			);
			fileSystemSynchronizedGroups = (
				C7BF12CE2D11E79200479B27 /* Find Your PetUITests */,
			);
			name = "Find Your PetUITests";
			packageProductDependencies = (
			);
			productName = "Find Your PetUITests";
			productReference = C7BF12CB2D11E79200479B27 /* Find Your PetUITests.xctest */;
			productType = "com.apple.product-type.bundle.ui-testing";
		};
/* End PBXNativeTarget section */

/* Begin PBXProject section */
		C7BF12A92D11E79000479B27 /* Project object */ = {
			isa = PBXProject;
			attributes = {
				BuildIndependentTargetsInParallel = 1;
				LastSwiftUpdateCheck = 1620;
				LastUpgradeCheck = 1620;
				TargetAttributes = {
					C7BF12B02D11E79000479B27 = {
						CreatedOnToolsVersion = 16.2;
					};
					C7BF12C02D11E79200479B27 = {
						CreatedOnToolsVersion = 16.2;
						TestTargetID = C7BF12B02D11E79000479B27;
					};
					C7BF12CA2D11E79200479B27 = {
						CreatedOnToolsVersion = 16.2;
						TestTargetID = C7BF12B02D11E79000479B27;
					};
				};
			};
			buildConfigurationList = C7BF12AC2D11E79000479B27 /* Build configuration list for PBXProject "Find Your Pet" */;
			developmentRegion = en;
			hasScannedForEncodings = 0;
			knownRegions = (
				en,
				Base,
			);
			mainGroup = C7BF12A82D11E79000479B27;
			minimizedProjectReferenceProxies = 1;
			packageReferences = (
				C7BF12DE2D11EB0800479B27 /* XCRemoteSwiftPackageReference "Kingfisher" */,
				C7BF12E12D11EB9600479B27 /* XCRemoteSwiftPackageReference "Factory" */,
			);
			preferredProjectObjectVersion = 77;
			productRefGroup = C7BF12B22D11E79000479B27 /* Products */;
			projectDirPath = "";
			projectRoot = "";
			targets = (
				C7BF12B02D11E79000479B27 /* Find Your Pet */,
				C7BF12C02D11E79200479B27 /* Find Your PetTests */,
				C7BF12CA2D11E79200479B27 /* Find Your PetUITests */,
			);
		};
/* End PBXProject section */

/* Begin PBXResourcesBuildPhase section */
		C7BF12AF2D11E79000479B27 /* Resources */ = {
			isa = PBXResourcesBuildPhase;
			buildActionMask = 2147483647;
			files = (
				C7BF13522D155F1E00479B27 /* Preview Assets.xcassets in Resources */,
				C7BF13532D155F1E00479B27 /* Assets.xcassets in Resources */,
			);
			runOnlyForDeploymentPostprocessing = 0;
		};
		C7BF12BF2D11E79200479B27 /* Resources */ = {
			isa = PBXResourcesBuildPhase;
			buildActionMask = 2147483647;
			files = (
			);
			runOnlyForDeploymentPostprocessing = 0;
		};
		C7BF12C92D11E79200479B27 /* Resources */ = {
			isa = PBXResourcesBuildPhase;
			buildActionMask = 2147483647;
			files = (
			);
			runOnlyForDeploymentPostprocessing = 0;
		};
/* End PBXResourcesBuildPhase section */

/* Begin PBXSourcesBuildPhase section */
		C7BF12AD2D11E79000479B27 /* Sources */ = {
			isa = PBXSourcesBuildPhase;
			buildActionMask = 2147483647;
			files = (
				C7BF13672D15A2AA00479B27 /* PetImageMapper.swift in Sources */,
				C7BF13602D15A03400479B27 /* DogsRemoteDataSource.swift in Sources */,
				C7BF13772D15AB3300479B27 /* CategoryEntity.swift in Sources */,
				C7BF138D2D15E2E800479B27 /* FullScreenImagePreview.swift in Sources */,
				C7BF13802D15AFC300479B27 /* DogViewModel.swift in Sources */,
				C7BF13542D155F1E00479B27 /* ApiService.swift in Sources */,
				C7BF13692D15A2BC00479B27 /* BreedMapper.swift in Sources */,
				C7BF13552D155F1E00479B27 /* CatsRemoteDataSource.swift in Sources */,
				C7BF13562D155F1E00479B27 /* BreedModel.swift in Sources */,
				C7BF13822D15AFCA00479B27 /* CatViewModel.swift in Sources */,
				C7BF13792D15AC2500479B27 /* CategoryMapper.swift in Sources */,
				C7BF136B2D15A2F600479B27 /* PetImageEntity.swift in Sources */,
				C7BF13572D155F1E00479B27 /* CategoryModel.swift in Sources */,
				C7BF13752D15AB1200479B27 /* BreedEntity.swift in Sources */,
				C7BF13642D15A26600479B27 /* DogsRepositoryImp.swift in Sources */,
				C7BF13582D155F1E00479B27 /* PetImageModel.swift in Sources */,
				C7BF13912D15EA0800479B27 /* DogView.swift in Sources */,
				C7BF13592D155F1E00479B27 /* CatsRepositoryImp.swift in Sources */,
				C7BF13712D15A9EB00479B27 /* FetchDogImagesUseCase.swift in Sources */,
				C7BF135A2D155F1E00479B27 /* CatsRepository.swift in Sources */,
				C7BF135B2D155F1E00479B27 /* FetchCatImagesUseCase.swift in Sources */,
				C7BF13732D15A9FB00479B27 /* FetchSingleDogImageUseCase.swift in Sources */,
				C7BF13872D15B01E00479B27 /* MenuTabView.swift in Sources */,
				C7BF13892D15B0ED00479B27 /* SearchablePhotoGrid.swift in Sources */,
				C7BF135C2D155F1E00479B27 /* Injector.swift in Sources */,
				C7BF138B2D15E24E00479B27 /* BaseViewModel.swift in Sources */,
				C7BF135D2D155F1E00479B27 /* ContentView.swift in Sources */,
				C7BF13932D15F74200479B27 /* View+Extenstions.swift in Sources */,
				C7BF13622D15A1A100479B27 /* DogsRepository.swift in Sources */,
				C7BF136F2D15A9D300479B27 /* FetchSingleCatImageUseCase.swift in Sources */,
				C7BF135E2D155F1E00479B27 /* Find_Your_PetApp.swift in Sources */,
				C7BF138F2D15E9FB00479B27 /* CatView.swift in Sources */,
			);
			runOnlyForDeploymentPostprocessing = 0;
		};
		C7BF12BD2D11E79200479B27 /* Sources */ = {
			isa = PBXSourcesBuildPhase;
			buildActionMask = 2147483647;
			files = (
			);
			runOnlyForDeploymentPostprocessing = 0;
		};
		C7BF12C72D11E79200479B27 /* Sources */ = {
			isa = PBXSourcesBuildPhase;
			buildActionMask = 2147483647;
			files = (
			);
			runOnlyForDeploymentPostprocessing = 0;
		};
/* End PBXSourcesBuildPhase section */

/* Begin PBXTargetDependency section */
		C7BF12C32D11E79200479B27 /* PBXTargetDependency */ = {
			isa = PBXTargetDependency;
			target = C7BF12B02D11E79000479B27 /* Find Your Pet */;
			targetProxy = C7BF12C22D11E79200479B27 /* PBXContainerItemProxy */;
		};
		C7BF12CD2D11E79200479B27 /* PBXTargetDependency */ = {
			isa = PBXTargetDependency;
			target = C7BF12B02D11E79000479B27 /* Find Your Pet */;
			targetProxy = C7BF12CC2D11E79200479B27 /* PBXContainerItemProxy */;
		};
/* End PBXTargetDependency section */

/* Begin XCBuildConfiguration section */
		C7BF12D32D11E79200479B27 /* Debug */ = {
			isa = XCBuildConfiguration;
			buildSettings = {
				ALWAYS_SEARCH_USER_PATHS = NO;
				ASSETCATALOG_COMPILER_GENERATE_SWIFT_ASSET_SYMBOL_EXTENSIONS = YES;
				CLANG_ANALYZER_NONNULL = YES;
				CLANG_ANALYZER_NUMBER_OBJECT_CONVERSION = YES_AGGRESSIVE;
				CLANG_CXX_LANGUAGE_STANDARD = "gnu++20";
				CLANG_ENABLE_MODULES = YES;
				CLANG_ENABLE_OBJC_ARC = YES;
				CLANG_ENABLE_OBJC_WEAK = YES;
				CLANG_WARN_BLOCK_CAPTURE_AUTORELEASING = YES;
				CLANG_WARN_BOOL_CONVERSION = YES;
				CLANG_WARN_COMMA = YES;
				CLANG_WARN_CONSTANT_CONVERSION = YES;
				CLANG_WARN_DEPRECATED_OBJC_IMPLEMENTATIONS = YES;
				CLANG_WARN_DIRECT_OBJC_ISA_USAGE = YES_ERROR;
				CLANG_WARN_DOCUMENTATION_COMMENTS = YES;
				CLANG_WARN_EMPTY_BODY = YES;
				CLANG_WARN_ENUM_CONVERSION = YES;
				CLANG_WARN_INFINITE_RECURSION = YES;
				CLANG_WARN_INT_CONVERSION = YES;
				CLANG_WARN_NON_LITERAL_NULL_CONVERSION = YES;
				CLANG_WARN_OBJC_IMPLICIT_RETAIN_SELF = YES;
				CLANG_WARN_OBJC_LITERAL_CONVERSION = YES;
				CLANG_WARN_OBJC_ROOT_CLASS = YES_ERROR;
				CLANG_WARN_QUOTED_INCLUDE_IN_FRAMEWORK_HEADER = YES;
				CLANG_WARN_RANGE_LOOP_ANALYSIS = YES;
				CLANG_WARN_STRICT_PROTOTYPES = YES;
				CLANG_WARN_SUSPICIOUS_MOVE = YES;
				CLANG_WARN_UNGUARDED_AVAILABILITY = YES_AGGRESSIVE;
				CLANG_WARN_UNREACHABLE_CODE = YES;
				CLANG_WARN__DUPLICATE_METHOD_MATCH = YES;
				COPY_PHASE_STRIP = NO;
				DEBUG_INFORMATION_FORMAT = dwarf;
				ENABLE_STRICT_OBJC_MSGSEND = YES;
				ENABLE_TESTABILITY = YES;
				ENABLE_USER_SCRIPT_SANDBOXING = YES;
				GCC_C_LANGUAGE_STANDARD = gnu17;
				GCC_DYNAMIC_NO_PIC = NO;
				GCC_NO_COMMON_BLOCKS = YES;
				GCC_OPTIMIZATION_LEVEL = 0;
				GCC_PREPROCESSOR_DEFINITIONS = (
					"DEBUG=1",
					"$(inherited)",
				);
				GCC_WARN_64_TO_32_BIT_CONVERSION = YES;
				GCC_WARN_ABOUT_RETURN_TYPE = YES_ERROR;
				GCC_WARN_UNDECLARED_SELECTOR = YES;
				GCC_WARN_UNINITIALIZED_AUTOS = YES_AGGRESSIVE;
				GCC_WARN_UNUSED_FUNCTION = YES;
				GCC_WARN_UNUSED_VARIABLE = YES;
				IPHONEOS_DEPLOYMENT_TARGET = 18.2;
				LOCALIZATION_PREFERS_STRING_CATALOGS = YES;
				MTL_ENABLE_DEBUG_INFO = INCLUDE_SOURCE;
				MTL_FAST_MATH = YES;
				ONLY_ACTIVE_ARCH = YES;
				SDKROOT = iphoneos;
				SWIFT_ACTIVE_COMPILATION_CONDITIONS = "DEBUG $(inherited)";
				SWIFT_OPTIMIZATION_LEVEL = "-Onone";
			};
			name = Debug;
		};
		C7BF12D42D11E79200479B27 /* Release */ = {
			isa = XCBuildConfiguration;
			buildSettings = {
				ALWAYS_SEARCH_USER_PATHS = NO;
				ASSETCATALOG_COMPILER_GENERATE_SWIFT_ASSET_SYMBOL_EXTENSIONS = YES;
				CLANG_ANALYZER_NONNULL = YES;
				CLANG_ANALYZER_NUMBER_OBJECT_CONVERSION = YES_AGGRESSIVE;
				CLANG_CXX_LANGUAGE_STANDARD = "gnu++20";
				CLANG_ENABLE_MODULES = YES;
				CLANG_ENABLE_OBJC_ARC = YES;
				CLANG_ENABLE_OBJC_WEAK = YES;
				CLANG_WARN_BLOCK_CAPTURE_AUTORELEASING = YES;
				CLANG_WARN_BOOL_CONVERSION = YES;
				CLANG_WARN_COMMA = YES;
				CLANG_WARN_CONSTANT_CONVERSION = YES;
				CLANG_WARN_DEPRECATED_OBJC_IMPLEMENTATIONS = YES;
				CLANG_WARN_DIRECT_OBJC_ISA_USAGE = YES_ERROR;
				CLANG_WARN_DOCUMENTATION_COMMENTS = YES;
				CLANG_WARN_EMPTY_BODY = YES;
				CLANG_WARN_ENUM_CONVERSION = YES;
				CLANG_WARN_INFINITE_RECURSION = YES;
				CLANG_WARN_INT_CONVERSION = YES;
				CLANG_WARN_NON_LITERAL_NULL_CONVERSION = YES;
				CLANG_WARN_OBJC_IMPLICIT_RETAIN_SELF = YES;
				CLANG_WARN_OBJC_LITERAL_CONVERSION = YES;
				CLANG_WARN_OBJC_ROOT_CLASS = YES_ERROR;
				CLANG_WARN_QUOTED_INCLUDE_IN_FRAMEWORK_HEADER = YES;
				CLANG_WARN_RANGE_LOOP_ANALYSIS = YES;
				CLANG_WARN_STRICT_PROTOTYPES = YES;
				CLANG_WARN_SUSPICIOUS_MOVE = YES;
				CLANG_WARN_UNGUARDED_AVAILABILITY = YES_AGGRESSIVE;
				CLANG_WARN_UNREACHABLE_CODE = YES;
				CLANG_WARN__DUPLICATE_METHOD_MATCH = YES;
				COPY_PHASE_STRIP = NO;
				DEBUG_INFORMATION_FORMAT = "dwarf-with-dsym";
				ENABLE_NS_ASSERTIONS = NO;
				ENABLE_STRICT_OBJC_MSGSEND = YES;
				ENABLE_USER_SCRIPT_SANDBOXING = YES;
				GCC_C_LANGUAGE_STANDARD = gnu17;
				GCC_NO_COMMON_BLOCKS = YES;
				GCC_WARN_64_TO_32_BIT_CONVERSION = YES;
				GCC_WARN_ABOUT_RETURN_TYPE = YES_ERROR;
				GCC_WARN_UNDECLARED_SELECTOR = YES;
				GCC_WARN_UNINITIALIZED_AUTOS = YES_AGGRESSIVE;
				GCC_WARN_UNUSED_FUNCTION = YES;
				GCC_WARN_UNUSED_VARIABLE = YES;
				IPHONEOS_DEPLOYMENT_TARGET = 18.2;
				LOCALIZATION_PREFERS_STRING_CATALOGS = YES;
				MTL_ENABLE_DEBUG_INFO = NO;
				MTL_FAST_MATH = YES;
				SDKROOT = iphoneos;
				SWIFT_COMPILATION_MODE = wholemodule;
				VALIDATE_PRODUCT = YES;
			};
			name = Release;
		};
		C7BF12D62D11E79200479B27 /* Debug */ = {
			isa = XCBuildConfiguration;
			buildSettings = {
				ASSETCATALOG_COMPILER_APPICON_NAME = AppIcon;
				ASSETCATALOG_COMPILER_GLOBAL_ACCENT_COLOR_NAME = AccentColor;
				CODE_SIGN_STYLE = Automatic;
				CURRENT_PROJECT_VERSION = 1;
				DEVELOPMENT_ASSET_PATHS = "\"Find Your Pet/Preview Content\"";
				DEVELOPMENT_TEAM = KWNCHNHPA6;
				ENABLE_PREVIEWS = YES;
				GENERATE_INFOPLIST_FILE = YES;
				INFOPLIST_KEY_UIApplicationSceneManifest_Generation = YES;
				INFOPLIST_KEY_UIApplicationSupportsIndirectInputEvents = YES;
				INFOPLIST_KEY_UILaunchScreen_Generation = YES;
				INFOPLIST_KEY_UISupportedInterfaceOrientations_iPad = "UIInterfaceOrientationPortrait UIInterfaceOrientationPortraitUpsideDown UIInterfaceOrientationLandscapeLeft UIInterfaceOrientationLandscapeRight";
				INFOPLIST_KEY_UISupportedInterfaceOrientations_iPhone = "UIInterfaceOrientationPortrait UIInterfaceOrientationLandscapeLeft UIInterfaceOrientationLandscapeRight";
				LD_RUNPATH_SEARCH_PATHS = (
					"$(inherited)",
					"@executable_path/Frameworks",
				);
				MARKETING_VERSION = 1.0;
				PRODUCT_BUNDLE_IDENTIFIER = "dk.Find-Your-Pet";
				PRODUCT_NAME = "$(TARGET_NAME)";
				SWIFT_EMIT_LOC_STRINGS = YES;
				SWIFT_VERSION = 5.0;
				TARGETED_DEVICE_FAMILY = "1,2";
			};
			name = Debug;
		};
		C7BF12D72D11E79200479B27 /* Release */ = {
			isa = XCBuildConfiguration;
			buildSettings = {
				ASSETCATALOG_COMPILER_APPICON_NAME = AppIcon;
				ASSETCATALOG_COMPILER_GLOBAL_ACCENT_COLOR_NAME = AccentColor;
				CODE_SIGN_STYLE = Automatic;
				CURRENT_PROJECT_VERSION = 1;
				DEVELOPMENT_ASSET_PATHS = "\"Find Your Pet/Preview Content\"";
				DEVELOPMENT_TEAM = KWNCHNHPA6;
				ENABLE_PREVIEWS = YES;
				GENERATE_INFOPLIST_FILE = YES;
				INFOPLIST_KEY_UIApplicationSceneManifest_Generation = YES;
				INFOPLIST_KEY_UIApplicationSupportsIndirectInputEvents = YES;
				INFOPLIST_KEY_UILaunchScreen_Generation = YES;
				INFOPLIST_KEY_UISupportedInterfaceOrientations_iPad = "UIInterfaceOrientationPortrait UIInterfaceOrientationPortraitUpsideDown UIInterfaceOrientationLandscapeLeft UIInterfaceOrientationLandscapeRight";
				INFOPLIST_KEY_UISupportedInterfaceOrientations_iPhone = "UIInterfaceOrientationPortrait UIInterfaceOrientationLandscapeLeft UIInterfaceOrientationLandscapeRight";
				LD_RUNPATH_SEARCH_PATHS = (
					"$(inherited)",
					"@executable_path/Frameworks",
				);
				MARKETING_VERSION = 1.0;
				PRODUCT_BUNDLE_IDENTIFIER = "dk.Find-Your-Pet";
				PRODUCT_NAME = "$(TARGET_NAME)";
				SWIFT_EMIT_LOC_STRINGS = YES;
				SWIFT_VERSION = 5.0;
				TARGETED_DEVICE_FAMILY = "1,2";
			};
			name = Release;
		};
		C7BF12D92D11E79200479B27 /* Debug */ = {
			isa = XCBuildConfiguration;
			buildSettings = {
				BUNDLE_LOADER = "$(TEST_HOST)";
				CODE_SIGN_STYLE = Automatic;
				CURRENT_PROJECT_VERSION = 1;
				DEVELOPMENT_TEAM = KWNCHNHPA6;
				GENERATE_INFOPLIST_FILE = YES;
				IPHONEOS_DEPLOYMENT_TARGET = 18.2;
				MARKETING_VERSION = 1.0;
				PRODUCT_BUNDLE_IDENTIFIER = "dk.Find-Your-PetTests";
				PRODUCT_NAME = "$(TARGET_NAME)";
				SWIFT_EMIT_LOC_STRINGS = NO;
				SWIFT_VERSION = 5.0;
				TARGETED_DEVICE_FAMILY = "1,2";
				TEST_HOST = "$(BUILT_PRODUCTS_DIR)/Find Your Pet.app/$(BUNDLE_EXECUTABLE_FOLDER_PATH)/Find Your Pet";
			};
			name = Debug;
		};
		C7BF12DA2D11E79200479B27 /* Release */ = {
			isa = XCBuildConfiguration;
			buildSettings = {
				BUNDLE_LOADER = "$(TEST_HOST)";
				CODE_SIGN_STYLE = Automatic;
				CURRENT_PROJECT_VERSION = 1;
				DEVELOPMENT_TEAM = KWNCHNHPA6;
				GENERATE_INFOPLIST_FILE = YES;
				IPHONEOS_DEPLOYMENT_TARGET = 18.2;
				MARKETING_VERSION = 1.0;
				PRODUCT_BUNDLE_IDENTIFIER = "dk.Find-Your-PetTests";
				PRODUCT_NAME = "$(TARGET_NAME)";
				SWIFT_EMIT_LOC_STRINGS = NO;
				SWIFT_VERSION = 5.0;
				TARGETED_DEVICE_FAMILY = "1,2";
				TEST_HOST = "$(BUILT_PRODUCTS_DIR)/Find Your Pet.app/$(BUNDLE_EXECUTABLE_FOLDER_PATH)/Find Your Pet";
			};
			name = Release;
		};
		C7BF12DC2D11E79200479B27 /* Debug */ = {
			isa = XCBuildConfiguration;
			buildSettings = {
				CODE_SIGN_STYLE = Automatic;
				CURRENT_PROJECT_VERSION = 1;
				DEVELOPMENT_TEAM = KWNCHNHPA6;
				GENERATE_INFOPLIST_FILE = YES;
				MARKETING_VERSION = 1.0;
				PRODUCT_BUNDLE_IDENTIFIER = "dk.Find-Your-PetUITests";
				PRODUCT_NAME = "$(TARGET_NAME)";
				SWIFT_EMIT_LOC_STRINGS = NO;
				SWIFT_VERSION = 5.0;
				TARGETED_DEVICE_FAMILY = "1,2";
				TEST_TARGET_NAME = "Find Your Pet";
			};
			name = Debug;
		};
		C7BF12DD2D11E79200479B27 /* Release */ = {
			isa = XCBuildConfiguration;
			buildSettings = {
				CODE_SIGN_STYLE = Automatic;
				CURRENT_PROJECT_VERSION = 1;
				DEVELOPMENT_TEAM = KWNCHNHPA6;
				GENERATE_INFOPLIST_FILE = YES;
				MARKETING_VERSION = 1.0;
				PRODUCT_BUNDLE_IDENTIFIER = "dk.Find-Your-PetUITests";
				PRODUCT_NAME = "$(TARGET_NAME)";
				SWIFT_EMIT_LOC_STRINGS = NO;
				SWIFT_VERSION = 5.0;
				TARGETED_DEVICE_FAMILY = "1,2";
				TEST_TARGET_NAME = "Find Your Pet";
			};
			name = Release;
		};
/* End XCBuildConfiguration section */

/* Begin XCConfigurationList section */
		C7BF12AC2D11E79000479B27 /* Build configuration list for PBXProject "Find Your Pet" */ = {
			isa = XCConfigurationList;
			buildConfigurations = (
				C7BF12D32D11E79200479B27 /* Debug */,
				C7BF12D42D11E79200479B27 /* Release */,
			);
			defaultConfigurationIsVisible = 0;
			defaultConfigurationName = Release;
		};
		C7BF12D52D11E79200479B27 /* Build configuration list for PBXNativeTarget "Find Your Pet" */ = {
			isa = XCConfigurationList;
			buildConfigurations = (
				C7BF12D62D11E79200479B27 /* Debug */,
				C7BF12D72D11E79200479B27 /* Release */,
			);
			defaultConfigurationIsVisible = 0;
			defaultConfigurationName = Release;
		};
		C7BF12D82D11E79200479B27 /* Build configuration list for PBXNativeTarget "Find Your PetTests" */ = {
			isa = XCConfigurationList;
			buildConfigurations = (
				C7BF12D92D11E79200479B27 /* Debug */,
				C7BF12DA2D11E79200479B27 /* Release */,
			);
			defaultConfigurationIsVisible = 0;
			defaultConfigurationName = Release;
		};
		C7BF12DB2D11E79200479B27 /* Build configuration list for PBXNativeTarget "Find Your PetUITests" */ = {
			isa = XCConfigurationList;
			buildConfigurations = (
				C7BF12DC2D11E79200479B27 /* Debug */,
				C7BF12DD2D11E79200479B27 /* Release */,
			);
			defaultConfigurationIsVisible = 0;
			defaultConfigurationName = Release;
		};
/* End XCConfigurationList section */

/* Begin XCRemoteSwiftPackageReference section */
		C7BF12DE2D11EB0800479B27 /* XCRemoteSwiftPackageReference "Kingfisher" */ = {
			isa = XCRemoteSwiftPackageReference;
			repositoryURL = "https://github.com/onevcat/Kingfisher";
			requirement = {
				kind = upToNextMajorVersion;
				minimumVersion = 8.1.3;
			};
		};
		C7BF12E12D11EB9600479B27 /* XCRemoteSwiftPackageReference "Factory" */ = {
			isa = XCRemoteSwiftPackageReference;
			repositoryURL = "https://github.com/hmlongco/Factory";
			requirement = {
				kind = upToNextMajorVersion;
				minimumVersion = 2.4.3;
			};
		};
/* End XCRemoteSwiftPackageReference section */

/* Begin XCSwiftPackageProductDependency section */
		C7BF12DF2D11EB0800479B27 /* Kingfisher */ = {
			isa = XCSwiftPackageProductDependency;
			package = C7BF12DE2D11EB0800479B27 /* XCRemoteSwiftPackageReference "Kingfisher" */;
			productName = Kingfisher;
		};
		C7BF12E22D11EB9600479B27 /* Factory */ = {
			isa = XCSwiftPackageProductDependency;
			package = C7BF12E12D11EB9600479B27 /* XCRemoteSwiftPackageReference "Factory" */;
			productName = Factory;
		};
/* End XCSwiftPackageProductDependency section */
	};
	rootObject = C7BF12A92D11E79000479B27 /* Project object */;
}
