// !$*UTF8*$!
{
	archiveVersion = 1;
	classes = {
	};
	objectVersion = 77;
	objects = {

/* Begin PBXBuildFile section */
		C7BF12E02D11EB0800479B27 /* Kingfisher in Frameworks */ = {isa = PBXBuildFile; productRef = C7BF12DF2D11EB0800479B27 /* Kingfisher */; };
		C7BF12E32D11EB9600479B27 /* Factory in Frameworks */ = {isa = PBXBuildFile; productRef = C7BF12E22D11EB9600479B27 /* Factory */; };
/* End PBXBuildFile section */

/* Begin PBXContainerItemProxy section */
		C7BF12C22D11E79200479B27 /* PBXContainerItemProxy */ = {
			isa = PBXContainerItemProxy;
			containerPortal = C7BF12A92D11E79000479B27 /* Project object */;
			proxyType = 1;
			remoteGlobalIDString = C7BF12B02D11E79000479B27;
			remoteInfo = "Find Your Pet";
		};
		C7BF12CC2D11E79200479B27 /* PBXContainerItemProxy */ = {
			isa = PBXContainerItemProxy;
			containerPortal = C7BF12A92D11E79000479B27 /* Project object */;
			proxyType = 1;
			remoteGlobalIDString = C7BF12B02D11E79000479B27;
			remoteInfo = "Find Your Pet";
		};
/* End PBXContainerItemProxy section */

/* Begin PBXFileReference section */
		C7BF12B12D11E79000479B27 /* Find Your Pet.app */ = {isa = PBXFileReference; explicitFileType = wrapper.application; includeInIndex = 0; path = "Find Your Pet.app"; sourceTree = BUILT_PRODUCTS_DIR; };
		C7BF12C12D11E79200479B27 /* Find Your PetTests.xctest */ = {isa = PBXFileReference; explicitFileType = wrapper.cfbundle; includeInIndex = 0; path = "Find Your PetTests.xctest"; sourceTree = BUILT_PRODUCTS_DIR; };
		C7BF12CB2D11E79200479B27 /* Find Your PetUITests.xctest */ = {isa = PBXFileReference; explicitFileType = wrapper.cfbundle; includeInIndex = 0; path = "Find Your PetUITests.xctest"; sourceTree = BUILT_PRODUCTS_DIR; };
/* End PBXFileReference section */

/* Begin PBXFileSystemSynchronizedRootGroup section */
		C7BF12B32D11E79000479B27 /* Find Your Pet */ = {
			isa = PBXFileSystemSynchronizedRootGroup;
			path = "Find Your Pet";
			sourceTree = "<group>";
		};
		C7BF12C42D11E79200479B27 /* Find Your PetTests */ = {
			isa = PBXFileSystemSynchronizedRootGroup;
			path = "Find Your PetTests";
			sourceTree = "<group>";
		};
		C7BF12CE2D11E79200479B27 /* Find Your PetUITests */ = {
			isa = PBXFileSystemSynchronizedRootGroup;
			path = "Find Your PetUITests";
			sourceTree = "<group>";
		};
/* End PBXFileSystemSynchronizedRootGroup section */

/* Begin PBXFrameworksBuildPhase section */
		C7BF12AE2D11E79000479B27 /* Frameworks */ = {
			isa = PBXFrameworksBuildPhase;
			buildActionMask = 2147483647;
			files = (
				C7BF12E02D11EB0800479B27 /* Kingfisher in Frameworks */,
				C7BF12E32D11EB9600479B27 /* Factory in Frameworks */,
			);
			runOnlyForDeploymentPostprocessing = 0;
		};
		C7BF12BE2D11E79200479B27 /* Frameworks */ = {
			isa = PBXFrameworksBuildPhase;
			buildActionMask = 2147483647;
			files = (
			);
			runOnlyForDeploymentPostprocessing = 0;
		};
		C7BF12C82D11E79200479B27 /* Frameworks */ = {
			isa = PBXFrameworksBuildPhase;
			buildActionMask = 2147483647;
			files = (
			);
			runOnlyForDeploymentPostprocessing = 0;
		};
/* End PBXFrameworksBuildPhase section */

/* Begin PBXGroup section */
		C7BF12A82D11E79000479B27 = {
			isa = PBXGroup;
			children = (
				C7BF12B32D11E79000479B27 /* Find Your Pet */,
				C7BF12C42D11E79200479B27 /* Find Your PetTests */,
				C7BF12CE2D11E79200479B27 /* Find Your PetUITests */,
				C7BF12B22D11E79000479B27 /* Products */,
			);
			sourceTree = "<group>";
		};
		C7BF12B22D11E79000479B27 /* Products */ = {
			isa = PBXGroup;
			children = (
				C7BF12B12D11E79000479B27 /* Find Your Pet.app */,
				C7BF12C12D11E79200479B27 /* Find Your PetTests.xctest */,
				C7BF12CB2D11E79200479B27 /* Find Your PetUITests.xctest */,
			);
			name = Products;
			sourceTree = "<group>";
		};
/* End PBXGroup section */

/* Begin PBXNativeTarget section */
		C7BF12B02D11E79000479B27 /* Find Your Pet */ = {
			isa = PBXNativeTarget;
			buildConfigurationList = C7BF12D52D11E79200479B27 /* Build configuration list for PBXNativeTarget "Find Your Pet" */;
			buildPhases = (
				C7BF12AD2D11E79000479B27 /* Sources */,
				C7BF12AE2D11E79000479B27 /* Frameworks */,
				C7BF12AF2D11E79000479B27 /* Resources */,
			);
			buildRules = (
			);
			dependencies = (
			);
			fileSystemSynchronizedGroups = (
				C7BF12B32D11E79000479B27 /* Find Your Pet */,
			);
			name = "Find Your Pet";
			packageProductDependencies = (
				C7BF12DF2D11EB0800479B27 /* Kingfisher */,
				C7BF12E22D11EB9600479B27 /* Factory */,
			);
			productName = "Find Your Pet";
			productReference = C7BF12B12D11E79000479B27 /* Find Your Pet.app */;
			productType = "com.apple.product-type.application";
		};
		C7BF12C02D11E79200479B27 /* Find Your PetTests */ = {
			isa = PBXNativeTarget;
			buildConfigurationList = C7BF12D82D11E79200479B27 /* Build configuration list for PBXNativeTarget "Find Your PetTests" */;
			buildPhases = (
				C7BF12BD2D11E79200479B27 /* Sources */,
				C7BF12BE2D11E79200479B27 /* Frameworks */,
				C7BF12BF2D11E79200479B27 /* Resources */,
			);
			buildRules = (
			);
			dependencies = (
				C7BF12C32D11E79200479B27 /* PBXTargetDependency */,
			);
			fileSystemSynchronizedGroups = (
				C7BF12C42D11E79200479B27 /* Find Your PetTests */,
			);
			name = "Find Your PetTests";
			packageProductDependencies = (
			);
			productName = "Find Your PetTests";
			productReference = C7BF12C12D11E79200479B27 /* Find Your PetTests.xctest */;
			productType = "com.apple.product-type.bundle.unit-test";
		};
		C7BF12CA2D11E79200479B27 /* Find Your PetUITests */ = {
			isa = PBXNativeTarget;
			buildConfigurationList = C7BF12DB2D11E79200479B27 /* Build configuration list for PBXNativeTarget "Find Your PetUITests" */;
			buildPhases = (
				C7BF12C72D11E79200479B27 /* Sources */,
				C7BF12C82D11E79200479B27 /* Frameworks */,
				C7BF12C92D11E79200479B27 /* Resources */,
			);
			buildRules = (
			);
			dependencies = (
				C7BF12CD2D11E79200479B27 /* PBXTargetDependency */,
			);
			fileSystemSynchronizedGroups = (
				C7BF12CE2D11E79200479B27 /* Find Your PetUITests */,
			);
			name = "Find Your PetUITests";
			packageProductDependencies = (
			);
			productName = "Find Your PetUITests";
			productReference = C7BF12CB2D11E79200479B27 /* Find Your PetUITests.xctest */;
			productType = "com.apple.product-type.bundle.ui-testing";
		};
/* End PBXNativeTarget section */

/* Begin PBXProject section */
		C7BF12A92D11E79000479B27 /* Project object */ = {
			isa = PBXProject;
			attributes = {
				BuildIndependentTargetsInParallel = 1;
				LastSwiftUpdateCheck = 1620;
				LastUpgradeCheck = 1620;
				TargetAttributes = {
					C7BF12B02D11E79000479B27 = {
						CreatedOnToolsVersion = 16.2;
					};
					C7BF12C02D11E79200479B27 = {
						CreatedOnToolsVersion = 16.2;
						TestTargetID = C7BF12B02D11E79000479B27;
					};
					C7BF12CA2D11E79200479B27 = {
						CreatedOnToolsVersion = 16.2;
						TestTargetID = C7BF12B02D11E79000479B27;
					};
				};
			};
			buildConfigurationList = C7BF12AC2D11E79000479B27 /* Build configuration list for PBXProject "Find Your Pet" */;
			developmentRegion = en;
			hasScannedForEncodings = 0;
			knownRegions = (
				en,
				Base,
			);
			mainGroup = C7BF12A82D11E79000479B27;
			minimizedProjectReferenceProxies = 1;
			packageReferences = (
				C7BF12DE2D11EB0800479B27 /* XCRemoteSwiftPackageReference "Kingfisher" */,
				C7BF12E12D11EB9600479B27 /* XCRemoteSwiftPackageReference "Factory" */,
			);
			preferredProjectObjectVersion = 77;
			productRefGroup = C7BF12B22D11E79000479B27 /* Products */;
			projectDirPath = "";
			projectRoot = "";
			targets = (
				C7BF12B02D11E79000479B27 /* Find Your Pet */,
				C7BF12C02D11E79200479B27 /* Find Your PetTests */,
				C7BF12CA2D11E79200479B27 /* Find Your PetUITests */,
			);
		};
/* End PBXProject section */

/* Begin PBXResourcesBuildPhase section */
		C7BF12AF2D11E79000479B27 /* Resources */ = {
			isa = PBXResourcesBuildPhase;
			buildActionMask = 2147483647;
			files = (
			);
			runOnlyForDeploymentPostprocessing = 0;
		};
		C7BF12BF2D11E79200479B27 /* Resources */ = {
			isa = PBXResourcesBuildPhase;
			buildActionMask = 2147483647;
			files = (
			);
			runOnlyForDeploymentPostprocessing = 0;
		};
		C7BF12C92D11E79200479B27 /* Resources */ = {
			isa = PBXResourcesBuildPhase;
			buildActionMask = 2147483647;
			files = (
			);
			runOnlyForDeploymentPostprocessing = 0;
		};
/* End PBXResourcesBuildPhase section */

/* Begin PBXSourcesBuildPhase section */
		C7BF12AD2D11E79000479B27 /* Sources */ = {
			isa = PBXSourcesBuildPhase;
			buildActionMask = 2147483647;
			files = (
			);
			runOnlyForDeploymentPostprocessing = 0;
		};
		C7BF12BD2D11E79200479B27 /* Sources */ = {
			isa = PBXSourcesBuildPhase;
			buildActionMask = 2147483647;
			files = (
			);
			runOnlyForDeploymentPostprocessing = 0;
		};
		C7BF12C72D11E79200479B27 /* Sources */ = {
			isa = PBXSourcesBuildPhase;
			buildActionMask = 2147483647;
			files = (
			);
			runOnlyForDeploymentPostprocessing = 0;
		};
/* End PBXSourcesBuildPhase section */

/* Begin PBXTargetDependency section */
		C7BF12C32D11E79200479B27 /* PBXTargetDependency */ = {
			isa = PBXTargetDependency;
			target = C7BF12B02D11E79000479B27 /* Find Your Pet */;
			targetProxy = C7BF12C22D11E79200479B27 /* PBXContainerItemProxy */;
		};
		C7BF12CD2D11E79200479B27 /* PBXTargetDependency */ = {
			isa = PBXTargetDependency;
			target = C7BF12B02D11E79000479B27 /* Find Your Pet */;
			targetProxy = C7BF12CC2D11E79200479B27 /* PBXContainerItemProxy */;
		};
/* End PBXTargetDependency section */

/* Begin XCBuildConfiguration section */
		C7BF12D32D11E79200479B27 /* Debug */ = {
			isa = XCBuildConfiguration;
			buildSettings = {
				ALWAYS_SEARCH_USER_PATHS = NO;
				ASSETCATALOG_COMPILER_GENERATE_SWIFT_ASSET_SYMBOL_EXTENSIONS = YES;
				CLANG_ANALYZER_NONNULL = YES;
				CLANG_ANALYZER_NUMBER_OBJECT_CONVERSION = YES_AGGRESSIVE;
				CLANG_CXX_LANGUAGE_STANDARD = "gnu++20";
				CLANG_ENABLE_MODULES = YES;
				CLANG_ENABLE_OBJC_ARC = YES;
				CLANG_ENABLE_OBJC_WEAK = YES;
				CLANG_WARN_BLOCK_CAPTURE_AUTORELEASING = YES;
				CLANG_WARN_BOOL_CONVERSION = YES;
				CLANG_WARN_COMMA = YES;
				CLANG_WARN_CONSTANT_CONVERSION = YES;
				CLANG_WARN_DEPRECATED_OBJC_IMPLEMENTATIONS = YES;
				CLANG_WARN_DIRECT_OBJC_ISA_USAGE = YES_ERROR;
				CLANG_WARN_DOCUMENTATION_COMMENTS = YES;
				CLANG_WARN_EMPTY_BODY = YES;
				CLANG_WARN_ENUM_CONVERSION = YES;
				CLANG_WARN_INFINITE_RECURSION = YES;
				CLANG_WARN_INT_CONVERSION = YES;
				CLANG_WARN_NON_LITERAL_NULL_CONVERSION = YES;
				CLANG_WARN_OBJC_IMPLICIT_RETAIN_SELF = YES;
				CLANG_WARN_OBJC_LITERAL_CONVERSION = YES;
				CLANG_WARN_OBJC_ROOT_CLASS = YES_ERROR;
				CLANG_WARN_QUOTED_INCLUDE_IN_FRAMEWORK_HEADER = YES;
				CLANG_WARN_RANGE_LOOP_ANALYSIS = YES;
				CLANG_WARN_STRICT_PROTOTYPES = YES;
				CLANG_WARN_SUSPICIOUS_MOVE = YES;
				CLANG_WARN_UNGUARDED_AVAILABILITY = YES_AGGRESSIVE;
				CLANG_WARN_UNREACHABLE_CODE = YES;
				CLANG_WARN__DUPLICATE_METHOD_MATCH = YES;
				COPY_PHASE_STRIP = NO;
				DEBUG_INFORMATION_FORMAT = dwarf;
				ENABLE_STRICT_OBJC_MSGSEND = YES;
				ENABLE_TESTABILITY = YES;
				ENABLE_USER_SCRIPT_SANDBOXING = YES;
				GCC_C_LANGUAGE_STANDARD = gnu17;
				GCC_DYNAMIC_NO_PIC = NO;
				GCC_NO_COMMON_BLOCKS = YES;
				GCC_OPTIMIZATION_LEVEL = 0;
				GCC_PREPROCESSOR_DEFINITIONS = (
					"DEBUG=1",
					"$(inherited)",
				);
				GCC_WARN_64_TO_32_BIT_CONVERSION = YES;
				GCC_WARN_ABOUT_RETURN_TYPE = YES_ERROR;
				GCC_WARN_UNDECLARED_SELECTOR = YES;
				GCC_WARN_UNINITIALIZED_AUTOS = YES_AGGRESSIVE;
				GCC_WARN_UNUSED_FUNCTION = YES;
				GCC_WARN_UNUSED_VARIABLE = YES;
				IPHONEOS_DEPLOYMENT_TARGET = 18.2;
				LOCALIZATION_PREFERS_STRING_CATALOGS = YES;
				MTL_ENABLE_DEBUG_INFO = INCLUDE_SOURCE;
				MTL_FAST_MATH = YES;
				ONLY_ACTIVE_ARCH = YES;
				SDKROOT = iphoneos;
				SWIFT_ACTIVE_COMPILATION_CONDITIONS = "DEBUG $(inherited)";
				SWIFT_OPTIMIZATION_LEVEL = "-Onone";
			};
			name = Debug;
		};
		C7BF12D42D11E79200479B27 /* Release */ = {
			isa = XCBuildConfiguration;
			buildSettings = {
				ALWAYS_SEARCH_USER_PATHS = NO;
				ASSETCATALOG_COMPILER_GENERATE_SWIFT_ASSET_SYMBOL_EXTENSIONS = YES;
				CLANG_ANALYZER_NONNULL = YES;
				CLANG_ANALYZER_NUMBER_OBJECT_CONVERSION = YES_AGGRESSIVE;
				CLANG_CXX_LANGUAGE_STANDARD = "gnu++20";
				CLANG_ENABLE_MODULES = YES;
				CLANG_ENABLE_OBJC_ARC = YES;
				CLANG_ENABLE_OBJC_WEAK = YES;
				CLANG_WARN_BLOCK_CAPTURE_AUTORELEASING = YES;
				CLANG_WARN_BOOL_CONVERSION = YES;
				CLANG_WARN_COMMA = YES;
				CLANG_WARN_CONSTANT_CONVERSION = YES;
				CLANG_WARN_DEPRECATED_OBJC_IMPLEMENTATIONS = YES;
				CLANG_WARN_DIRECT_OBJC_ISA_USAGE = YES_ERROR;
				CLANG_WARN_DOCUMENTATION_COMMENTS = YES;
				CLANG_WARN_EMPTY_BODY = YES;
				CLANG_WARN_ENUM_CONVERSION = YES;
				CLANG_WARN_INFINITE_RECURSION = YES;
				CLANG_WARN_INT_CONVERSION = YES;
				CLANG_WARN_NON_LITERAL_NULL_CONVERSION = YES;
				CLANG_WARN_OBJC_IMPLICIT_RETAIN_SELF = YES;
				CLANG_WARN_OBJC_LITERAL_CONVERSION = YES;
				CLANG_WARN_OBJC_ROOT_CLASS = YES_ERROR;
				CLANG_WARN_QUOTED_INCLUDE_IN_FRAMEWORK_HEADER = YES;
				CLANG_WARN_RANGE_LOOP_ANALYSIS = YES;
				CLANG_WARN_STRICT_PROTOTYPES = YES;
				CLANG_WARN_SUSPICIOUS_MOVE = YES;
				CLANG_WARN_UNGUARDED_AVAILABILITY = YES_AGGRESSIVE;
				CLANG_WARN_UNREACHABLE_CODE = YES;
				CLANG_WARN__DUPLICATE_METHOD_MATCH = YES;
				COPY_PHASE_STRIP = NO;
				DEBUG_INFORMATION_FORMAT = "dwarf-with-dsym";
				ENABLE_NS_ASSERTIONS = NO;
				ENABLE_STRICT_OBJC_MSGSEND = YES;
				ENABLE_USER_SCRIPT_SANDBOXING = YES;
				GCC_C_LANGUAGE_STANDARD = gnu17;
				GCC_NO_COMMON_BLOCKS = YES;
				GCC_WARN_64_TO_32_BIT_CONVERSION = YES;
				GCC_WARN_ABOUT_RETURN_TYPE = YES_ERROR;
				GCC_WARN_UNDECLARED_SELECTOR = YES;
				GCC_WARN_UNINITIALIZED_AUTOS = YES_AGGRESSIVE;
				GCC_WARN_UNUSED_FUNCTION = YES;
				GCC_WARN_UNUSED_VARIABLE = YES;
				IPHONEOS_DEPLOYMENT_TARGET = 18.2;
				LOCALIZATION_PREFERS_STRING_CATALOGS = YES;
				MTL_ENABLE_DEBUG_INFO = NO;
				MTL_FAST_MATH = YES;
				SDKROOT = iphoneos;
				SWIFT_COMPILATION_MODE = wholemodule;
				VALIDATE_PRODUCT = YES;
			};
			name = Release;
		};
		C7BF12D62D11E79200479B27 /* Debug */ = {
			isa = XCBuildConfiguration;
			buildSettings = {
				ASSETCATALOG_COMPILER_APPICON_NAME = AppIcon;
				ASSETCATALOG_COMPILER_GLOBAL_ACCENT_COLOR_NAME = AccentColor;
				CODE_SIGN_STYLE = Automatic;
				CURRENT_PROJECT_VERSION = 1;
				DEVELOPMENT_ASSET_PATHS = "\"Find Your Pet/Preview Content\"";
				DEVELOPMENT_TEAM = KWNCHNHPA6;
				ENABLE_PREVIEWS = YES;
				GENERATE_INFOPLIST_FILE = YES;
				INFOPLIST_KEY_UIApplicationSceneManifest_Generation = YES;
				INFOPLIST_KEY_UIApplicationSupportsIndirectInputEvents = YES;
				INFOPLIST_KEY_UILaunchScreen_Generation = YES;
				INFOPLIST_KEY_UISupportedInterfaceOrientations_iPad = "UIInterfaceOrientationPortrait UIInterfaceOrientationPortraitUpsideDown UIInterfaceOrientationLandscapeLeft UIInterfaceOrientationLandscapeRight";
				INFOPLIST_KEY_UISupportedInterfaceOrientations_iPhone = "UIInterfaceOrientationPortrait UIInterfaceOrientationLandscapeLeft UIInterfaceOrientationLandscapeRight";
				LD_RUNPATH_SEARCH_PATHS = (
					"$(inherited)",
					"@executable_path/Frameworks",
				);
				MARKETING_VERSION = 1.0;
				PRODUCT_BUNDLE_IDENTIFIER = "dk.Find-Your-Pet";
				PRODUCT_NAME = "$(TARGET_NAME)";
				SWIFT_EMIT_LOC_STRINGS = YES;
				SWIFT_VERSION = 5.0;
				TARGETED_DEVICE_FAMILY = "1,2";
			};
			name = Debug;
		};
		C7BF12D72D11E79200479B27 /* Release */ = {
			isa = XCBuildConfiguration;
			buildSettings = {
				ASSETCATALOG_COMPILER_APPICON_NAME = AppIcon;
				ASSETCATALOG_COMPILER_GLOBAL_ACCENT_COLOR_NAME = AccentColor;
				CODE_SIGN_STYLE = Automatic;
				CURRENT_PROJECT_VERSION = 1;
				DEVELOPMENT_ASSET_PATHS = "\"Find Your Pet/Preview Content\"";
				DEVELOPMENT_TEAM = KWNCHNHPA6;
				ENABLE_PREVIEWS = YES;
				GENERATE_INFOPLIST_FILE = YES;
				INFOPLIST_KEY_UIApplicationSceneManifest_Generation = YES;
				INFOPLIST_KEY_UIApplicationSupportsIndirectInputEvents = YES;
				INFOPLIST_KEY_UILaunchScreen_Generation = YES;
				INFOPLIST_KEY_UISupportedInterfaceOrientations_iPad = "UIInterfaceOrientationPortrait UIInterfaceOrientationPortraitUpsideDown UIInterfaceOrientationLandscapeLeft UIInterfaceOrientationLandscapeRight";
				INFOPLIST_KEY_UISupportedInterfaceOrientations_iPhone = "UIInterfaceOrientationPortrait UIInterfaceOrientationLandscapeLeft UIInterfaceOrientationLandscapeRight";
				LD_RUNPATH_SEARCH_PATHS = (
					"$(inherited)",
					"@executable_path/Frameworks",
				);
				MARKETING_VERSION = 1.0;
				PRODUCT_BUNDLE_IDENTIFIER = "dk.Find-Your-Pet";
				PRODUCT_NAME = "$(TARGET_NAME)";
				SWIFT_EMIT_LOC_STRINGS = YES;
				SWIFT_VERSION = 5.0;
				TARGETED_DEVICE_FAMILY = "1,2";
			};
			name = Release;
		};
		C7BF12D92D11E79200479B27 /* Debug */ = {
			isa = XCBuildConfiguration;
			buildSettings = {
				BUNDLE_LOADER = "$(TEST_HOST)";
				CODE_SIGN_STYLE = Automatic;
				CURRENT_PROJECT_VERSION = 1;
				DEVELOPMENT_TEAM = KWNCHNHPA6;
				GENERATE_INFOPLIST_FILE = YES;
				IPHONEOS_DEPLOYMENT_TARGET = 18.2;
				MARKETING_VERSION = 1.0;
				PRODUCT_BUNDLE_IDENTIFIER = "dk.Find-Your-PetTests";
				PRODUCT_NAME = "$(TARGET_NAME)";
				SWIFT_EMIT_LOC_STRINGS = NO;
				SWIFT_VERSION = 5.0;
				TARGETED_DEVICE_FAMILY = "1,2";
				TEST_HOST = "$(BUILT_PRODUCTS_DIR)/Find Your Pet.app/$(BUNDLE_EXECUTABLE_FOLDER_PATH)/Find Your Pet";
			};
			name = Debug;
		};
		C7BF12DA2D11E79200479B27 /* Release */ = {
			isa = XCBuildConfiguration;
			buildSettings = {
				BUNDLE_LOADER = "$(TEST_HOST)";
				CODE_SIGN_STYLE = Automatic;
				CURRENT_PROJECT_VERSION = 1;
				DEVELOPMENT_TEAM = KWNCHNHPA6;
				GENERATE_INFOPLIST_FILE = YES;
				IPHONEOS_DEPLOYMENT_TARGET = 18.2;
				MARKETING_VERSION = 1.0;
				PRODUCT_BUNDLE_IDENTIFIER = "dk.Find-Your-PetTests";
				PRODUCT_NAME = "$(TARGET_NAME)";
				SWIFT_EMIT_LOC_STRINGS = NO;
				SWIFT_VERSION = 5.0;
				TARGETED_DEVICE_FAMILY = "1,2";
				TEST_HOST = "$(BUILT_PRODUCTS_DIR)/Find Your Pet.app/$(BUNDLE_EXECUTABLE_FOLDER_PATH)/Find Your Pet";
			};
			name = Release;
		};
		C7BF12DC2D11E79200479B27 /* Debug */ = {
			isa = XCBuildConfiguration;
			buildSettings = {
				CODE_SIGN_STYLE = Automatic;
				CURRENT_PROJECT_VERSION = 1;
				DEVELOPMENT_TEAM = KWNCHNHPA6;
				GENERATE_INFOPLIST_FILE = YES;
				MARKETING_VERSION = 1.0;
				PRODUCT_BUNDLE_IDENTIFIER = "dk.Find-Your-PetUITests";
				PRODUCT_NAME = "$(TARGET_NAME)";
				SWIFT_EMIT_LOC_STRINGS = NO;
				SWIFT_VERSION = 5.0;
				TARGETED_DEVICE_FAMILY = "1,2";
				TEST_TARGET_NAME = "Find Your Pet";
			};
			name = Debug;
		};
		C7BF12DD2D11E79200479B27 /* Release */ = {
			isa = XCBuildConfiguration;
			buildSettings = {
				CODE_SIGN_STYLE = Automatic;
				CURRENT_PROJECT_VERSION = 1;
				DEVELOPMENT_TEAM = KWNCHNHPA6;
				GENERATE_INFOPLIST_FILE = YES;
				MARKETING_VERSION = 1.0;
				PRODUCT_BUNDLE_IDENTIFIER = "dk.Find-Your-PetUITests";
				PRODUCT_NAME = "$(TARGET_NAME)";
				SWIFT_EMIT_LOC_STRINGS = NO;
				SWIFT_VERSION = 5.0;
				TARGETED_DEVICE_FAMILY = "1,2";
				TEST_TARGET_NAME = "Find Your Pet";
			};
			name = Release;
		};
/* End XCBuildConfiguration section */

/* Begin XCConfigurationList section */
		C7BF12AC2D11E79000479B27 /* Build configuration list for PBXProject "Find Your Pet" */ = {
			isa = XCConfigurationList;
			buildConfigurations = (
				C7BF12D32D11E79200479B27 /* Debug */,
				C7BF12D42D11E79200479B27 /* Release */,
			);
			defaultConfigurationIsVisible = 0;
			defaultConfigurationName = Release;
		};
		C7BF12D52D11E79200479B27 /* Build configuration list for PBXNativeTarget "Find Your Pet" */ = {
			isa = XCConfigurationList;
			buildConfigurations = (
				C7BF12D62D11E79200479B27 /* Debug */,
				C7BF12D72D11E79200479B27 /* Release */,
			);
			defaultConfigurationIsVisible = 0;
			defaultConfigurationName = Release;
		};
		C7BF12D82D11E79200479B27 /* Build configuration list for PBXNativeTarget "Find Your PetTests" */ = {
			isa = XCConfigurationList;
			buildConfigurations = (
				C7BF12D92D11E79200479B27 /* Debug */,
				C7BF12DA2D11E79200479B27 /* Release */,
			);
			defaultConfigurationIsVisible = 0;
			defaultConfigurationName = Release;
		};
		C7BF12DB2D11E79200479B27 /* Build configuration list for PBXNativeTarget "Find Your PetUITests" */ = {
			isa = XCConfigurationList;
			buildConfigurations = (
				C7BF12DC2D11E79200479B27 /* Debug */,
				C7BF12DD2D11E79200479B27 /* Release */,
			);
			defaultConfigurationIsVisible = 0;
			defaultConfigurationName = Release;
		};
/* End XCConfigurationList section */

/* Begin XCRemoteSwiftPackageReference section */
		C7BF12DE2D11EB0800479B27 /* XCRemoteSwiftPackageReference "Kingfisher" */ = {
			isa = XCRemoteSwiftPackageReference;
			repositoryURL = "https://github.com/onevcat/Kingfisher";
			requirement = {
				kind = upToNextMajorVersion;
				minimumVersion = 8.1.3;
			};
		};
		C7BF12E12D11EB9600479B27 /* XCRemoteSwiftPackageReference "Factory" */ = {
			isa = XCRemoteSwiftPackageReference;
			repositoryURL = "https://github.com/hmlongco/Factory";
			requirement = {
				kind = upToNextMajorVersion;
				minimumVersion = 2.4.3;
			};
		};
/* End XCRemoteSwiftPackageReference section */

/* Begin XCSwiftPackageProductDependency section */
		C7BF12DF2D11EB0800479B27 /* Kingfisher */ = {
			isa = XCSwiftPackageProductDependency;
			package = C7BF12DE2D11EB0800479B27 /* XCRemoteSwiftPackageReference "Kingfisher" */;
			productName = Kingfisher;
		};
		C7BF12E22D11EB9600479B27 /* Factory */ = {
			isa = XCSwiftPackageProductDependency;
			package = C7BF12E12D11EB9600479B27 /* XCRemoteSwiftPackageReference "Factory" */;
			productName = Factory;
		};
/* End XCSwiftPackageProductDependency section */
	};
	rootObject = C7BF12A92D11E79000479B27 /* Project object */;
}
